
Microsoft Visual Studio Solution File, Format Version 11.00
# Visual Studio 2010
Project("{8BC9CEB8-8B4A-11D0-8D11-00A0C91BC942}") = "gameEngine_OOP_Cycle_3", "gameEngine_OOP_Cycle_3\gameEngine_OOP_Cycle_3.vcxproj", "{9CE0BD90-29B0-49E4-A3A8-FD47D097D2CD}"
EndProject
Global
	GlobalSection(SolutionConfigurationPlatforms) = preSolution
		Debug|Win32 = Debug|Win32
		Release|Win32 = Release|Win32
	EndGlobalSection
	GlobalSection(ProjectConfigurationPlatforms) = postSolution
		{9CE0BD90-29B0-49E4-A3A8-FD47D097D2CD}.Debug|Win32.ActiveCfg = Debug|Win32
		{9CE0BD90-29B0-49E4-A3A8-FD47D097D2CD}.Debug|Win32.Build.0 = Debug|Win32
		{9CE0BD90-29B0-49E4-A3A8-FD47D097D2CD}.Release|Win32.ActiveCfg = Release|Win32
		{9CE0BD90-29B0-49E4-A3A8-FD47D097D2CD}.Release|Win32.Build.0 = Release|Win32
	EndGlobalSection
	GlobalSection(SolutionProperties) = preSolution
		HideSolutionNode = FALSE
	EndGlobalSection
EndGlobal
